
Microsoft Visual Studio Solution File, Format Version 12.00
# Visual Studio Version 16
VisualStudioVersion = 16.0.28315.86
MinimumVisualStudioVersion = 10.0.40219.1
Project("{2150E333-8FDC-42A3-9474-1A3956D46DE8}") = "Engine", "Engine", "{233774A8-CC9D-3FA9-86D1-90573E92B704}"
EndProject
Project("{2150E333-8FDC-42A3-9474-1A3956D46DE8}") = "Games", "Games", "{DE1F8B53-6C02-3C13-9101-A7C8D96F3FF6}"
EndProject
Project("{8BC9CEB8-8B4A-11D0-8D11-00A0C91BC942}") = "UEJSONParser", "Intermediate\ProjectFiles\UEJSONParser.vcxproj", "{D414C1EE-05D5-3D5D-9472-7C25B233CE88}"
EndProject
Project("{8BC9CEB8-8B4A-11D0-8D11-00A0C91BC942}") = "UE5", "Intermediate\ProjectFiles\UE5.vcxproj", "{AFF9E254-2AC0-3CAE-B4AB-7BE7A9D68780}"
EndProject
Project("{2150E333-8FDC-42A3-9474-1A3956D46DE8}") = "Visualizers", "Visualizers", "{1CCEC849-CC72-4C59-8C36-2F7C38706D4C}"
	ProjectSection(SolutionItems) = preProject
		D:\Program Files\Epic Games\UE_5.0\Engine\Extras\VisualStudioDebugging\Unreal.natvis = D:\Program Files\Epic Games\UE_5.0\Engine\Extras\VisualStudioDebugging\Unreal.natvis
	EndProjectSection
EndProject
Global
	GlobalSection(SolutionConfigurationPlatforms) = preSolution
		DebugGame Editor|IOS = DebugGame Editor|IOS
		DebugGame Editor|Win64 = DebugGame Editor|Win64
		DebugGame|IOS = DebugGame|IOS
		DebugGame|Win64 = DebugGame|Win64
		Development Editor|IOS = Development Editor|IOS
		Development Editor|Win64 = Development Editor|Win64
		Development|IOS = Development|IOS
		Development|Win64 = Development|Win64
		Shipping|IOS = Shipping|IOS
		Shipping|Win64 = Shipping|Win64
	EndGlobalSection
	# UnrealVS Section
	GlobalSection(ddbf523f-7eb6-4887-bd51-85a714ff87eb) = preSolution
		AvailablePlatforms=Win64;IOS
	EndGlobalSection
	GlobalSection(ProjectConfigurationPlatforms) = postSolution
		{D414C1EE-05D5-3D5D-9472-7C25B233CE88}.DebugGame Editor|IOS.ActiveCfg = Invalid|x64
		{D414C1EE-05D5-3D5D-9472-7C25B233CE88}.DebugGame Editor|Win64.ActiveCfg = DebugGame_Editor|x64
		{D414C1EE-05D5-3D5D-9472-7C25B233CE88}.DebugGame Editor|Win64.Build.0 = DebugGame_Editor|x64
		{D414C1EE-05D5-3D5D-9472-7C25B233CE88}.DebugGame|IOS.ActiveCfg = IOS_DebugGame|Win64
		{D414C1EE-05D5-3D5D-9472-7C25B233CE88}.DebugGame|IOS.Build.0 = IOS_DebugGame|Win64
		{D414C1EE-05D5-3D5D-9472-7C25B233CE88}.DebugGame|Win64.ActiveCfg = DebugGame|x64
		{D414C1EE-05D5-3D5D-9472-7C25B233CE88}.DebugGame|Win64.Build.0 = DebugGame|x64
		{D414C1EE-05D5-3D5D-9472-7C25B233CE88}.Development Editor|IOS.ActiveCfg = Invalid|x64
		{D414C1EE-05D5-3D5D-9472-7C25B233CE88}.Development Editor|Win64.ActiveCfg = Development_Editor|x64
		{D414C1EE-05D5-3D5D-9472-7C25B233CE88}.Development Editor|Win64.Build.0 = Development_Editor|x64
		{D414C1EE-05D5-3D5D-9472-7C25B233CE88}.Development|IOS.ActiveCfg = IOS_Development|Win64
		{D414C1EE-05D5-3D5D-9472-7C25B233CE88}.Development|IOS.Build.0 = IOS_Development|Win64
		{D414C1EE-05D5-3D5D-9472-7C25B233CE88}.Development|Win64.ActiveCfg = Development|x64
		{D414C1EE-05D5-3D5D-9472-7C25B233CE88}.Development|Win64.Build.0 = Development|x64
		{D414C1EE-05D5-3D5D-9472-7C25B233CE88}.Shipping|IOS.ActiveCfg = IOS_Shipping|Win64
		{D414C1EE-05D5-3D5D-9472-7C25B233CE88}.Shipping|IOS.Build.0 = IOS_Shipping|Win64
		{D414C1EE-05D5-3D5D-9472-7C25B233CE88}.Shipping|Win64.ActiveCfg = Shipping|x64
		{D414C1EE-05D5-3D5D-9472-7C25B233CE88}.Shipping|Win64.Build.0 = Shipping|x64
		{AFF9E254-2AC0-3CAE-B4AB-7BE7A9D68780}.DebugGame Editor|IOS.ActiveCfg = BuiltWithUnrealBuildTool|Win64
		{AFF9E254-2AC0-3CAE-B4AB-7BE7A9D68780}.DebugGame Editor|Win64.ActiveCfg = BuiltWithUnrealBuildTool|Win64
		{AFF9E254-2AC0-3CAE-B4AB-7BE7A9D68780}.DebugGame|IOS.ActiveCfg = BuiltWithUnrealBuildTool|Win64
		{AFF9E254-2AC0-3CAE-B4AB-7BE7A9D68780}.DebugGame|Win64.ActiveCfg = BuiltWithUnrealBuildTool|Win64
		{AFF9E254-2AC0-3CAE-B4AB-7BE7A9D68780}.Development Editor|IOS.ActiveCfg = BuiltWithUnrealBuildTool|Win64
		{AFF9E254-2AC0-3CAE-B4AB-7BE7A9D68780}.Development Editor|Win64.ActiveCfg = BuiltWithUnrealBuildTool|Win64
		{AFF9E254-2AC0-3CAE-B4AB-7BE7A9D68780}.Development|IOS.ActiveCfg = BuiltWithUnrealBuildTool|Win64
		{AFF9E254-2AC0-3CAE-B4AB-7BE7A9D68780}.Development|Win64.ActiveCfg = BuiltWithUnrealBuildTool|Win64
		{AFF9E254-2AC0-3CAE-B4AB-7BE7A9D68780}.Shipping|IOS.ActiveCfg = BuiltWithUnrealBuildTool|Win64
		{AFF9E254-2AC0-3CAE-B4AB-7BE7A9D68780}.Shipping|Win64.ActiveCfg = BuiltWithUnrealBuildTool|Win64
	EndGlobalSection
	GlobalSection(SolutionProperties) = preSolution
		HideSolutionNode = FALSE
	EndGlobalSection
	GlobalSection(NestedProjects) = preSolution
		{AFF9E254-2AC0-3CAE-B4AB-7BE7A9D68780} = {233774A8-CC9D-3FA9-86D1-90573E92B704}
		{D414C1EE-05D5-3D5D-9472-7C25B233CE88} = {DE1F8B53-6C02-3C13-9101-A7C8D96F3FF6}
	EndGlobalSection
EndGlobal
